
Microsoft Visual Studio Solution File, Format Version 12.00
# Visual Studio 15
VisualStudioVersion = 15.0.27428.2043
MinimumVisualStudioVersion = 10.0.40219.1
Project("{FAE04EC0-301F-11D3-BF4B-00C04F79EFBC}") = "Promotions", "Promotions\Promotions.csproj", "{9961721B-CA30-4541-A447-5DACD55F5A60}"
EndProject
Project("{FAE04EC0-301F-11D3-BF4B-00C04F79EFBC}") = "Promotions.Tests", "Promotions.Tests\Promotions.Tests.csproj", "{047F5449-BEB2-4253-9F6B-BDC8302798C7}"
EndProject
Global
	GlobalSection(SolutionConfigurationPlatforms) = preSolution
		Debug|Any CPU = Debug|Any CPU
		Release|Any CPU = Release|Any CPU
	EndGlobalSection
	GlobalSection(ProjectConfigurationPlatforms) = postSolution
		{9961721B-CA30-4541-A447-5DACD55F5A60}.Debug|Any CPU.ActiveCfg = Debug|Any CPU
		{9961721B-CA30-4541-A447-5DACD55F5A60}.Debug|Any CPU.Build.0 = Debug|Any CPU
		{9961721B-CA30-4541-A447-5DACD55F5A60}.Release|Any CPU.ActiveCfg = Release|Any CPU
		{9961721B-CA30-4541-A447-5DACD55F5A60}.Release|Any CPU.Build.0 = Release|Any CPU
		{047F5449-BEB2-4253-9F6B-BDC8302798C7}.Debug|Any CPU.ActiveCfg = Debug|Any CPU
		{047F5449-BEB2-4253-9F6B-BDC8302798C7}.Debug|Any CPU.Build.0 = Debug|Any CPU
		{047F5449-BEB2-4253-9F6B-BDC8302798C7}.Release|Any CPU.ActiveCfg = Release|Any CPU
		{047F5449-BEB2-4253-9F6B-BDC8302798C7}.Release|Any CPU.Build.0 = Release|Any CPU
	EndGlobalSection
	GlobalSection(SolutionProperties) = preSolution
		HideSolutionNode = FALSE
	EndGlobalSection
	GlobalSection(ExtensibilityGlobals) = postSolution
		SolutionGuid = {6AF84F2E-F978-435F-A4E8-73890FBB9155}
	EndGlobalSection
EndGlobal
